
Microsoft Visual Studio Solution File, Format Version 12.00
# Visual Studio Version 17
VisualStudioVersion = 17.11.35303.130
MinimumVisualStudioVersion = 10.0.40219.1
Project("{FAE04EC0-301F-11D3-BF4B-00C04F79EFBC}") = "tennis", "tennis\tennis.csproj", "{AB8B683D-F3E3-4189-8EE9-5375C6B9B3C2}"
EndProject
Global
	GlobalSection(SolutionConfigurationPlatforms) = preSolution
		Debug|Any CPU = Debug|Any CPU
		Release|Any CPU = Release|Any CPU
	EndGlobalSection
	GlobalSection(ProjectConfigurationPlatforms) = postSolution
		{AB8B683D-F3E3-4189-8EE9-5375C6B9B3C2}.Debug|Any CPU.ActiveCfg = Debug|Any CPU
		{AB8B683D-F3E3-4189-8EE9-5375C6B9B3C2}.Debug|Any CPU.Build.0 = Debug|Any CPU
		{AB8B683D-F3E3-4189-8EE9-5375C6B9B3C2}.Release|Any CPU.ActiveCfg = Release|Any CPU
		{AB8B683D-F3E3-4189-8EE9-5375C6B9B3C2}.Release|Any CPU.Build.0 = Release|Any CPU
	EndGlobalSection
	GlobalSection(SolutionProperties) = preSolution
		HideSolutionNode = FALSE
	EndGlobalSection
	GlobalSection(ExtensibilityGlobals) = postSolution
		SolutionGuid = {C2DF433B-C3FD-46D5-8A55-CD4549CB752C}
	EndGlobalSection
EndGlobal
